{
  "lockfileVersion": 2,
  "configVersion": 0,
  "workspaces": {
    "": {
      "name": "scarydex",
      "devDependencies": {
        "@sinclair/typebox": "0.34.49",
        "@types/node": "^24.12.2",
        "commander": "14.0.0",
        "esbuild": "^0.25.12",
        "oxlint": "1.83.0",
        "typescript": "^5.9.3",
        "yaml": "2.8.1",
      },
    },
  },
  "packages": {
    "@esbuild/aix-ppc64": ["@esbuild/aix-ppc64@0.25.12", "https://ms-feed-25.pkgs.visualstudio.com/1es-public/_packaging/npm-public/npm/registry/@esbuild/aix-ppc64/-/aix-ppc64-0.25.12.tgz", { "os": "aix", "cpu": "ppc64" }, "sha1-gPy+NhMOWLdnBRHoiLjoiiWe12w="],

    "@esbuild/android-arm": ["@esbuild/android-arm@0.25.12", "https://ms-feed-25.pkgs.visualstudio.com/1es-public/_packaging/npm-public/npm/registry/@esbuild/android-arm/-/android-arm-0.25.12.tgz", { "os": "android", "cpu": "arm" }, "sha1-MAcSEB9/UPHSYnoWLm4JsQm2dno="],

    "@esbuild/android-arm64": ["@esbuild/android-arm64@0.25.12", "https://ms-feed-25.pkgs.visualstudio.com/1es-public/_packaging/npm-public/npm/registry/@esbuild/android-arm64/-/android-arm64-0.25.12.tgz", { "os": "android", "cpu": "arm64" }, "sha1-iqSWX40KeYLcIXNL9mATI6Ztp1I="],

    "@esbuild/android-x64": ["@esbuild/android-x64@0.25.12", "https://ms-feed-25.pkgs.visualstudio.com/1es-public/_packaging/npm-public/npm/registry/@esbuild/android-x64/-/android-x64-0.25.12.tgz", { "os": "android", "cpu": "x64" }, "sha1-h9+ycWEgK9yVjvSLthsJx1j67hY="],

    "@esbuild/darwin-arm64": ["@esbuild/darwin-arm64@0.25.12", "https://ms-feed-25.pkgs.visualstudio.com/1es-public/_packaging/npm-public/npm/registry/@esbuild/darwin-arm64/-/darwin-arm64-0.25.12.tgz", { "os": "darwin", "cpu": "arm64" }, "sha1-eRl4mOwf90XSHAceHHzDyALwwf0="],

    "@esbuild/darwin-x64": ["@esbuild/darwin-x64@0.25.12", "https://ms-feed-25.pkgs.visualstudio.com/1es-public/_packaging/npm-public/npm/registry/@esbuild/darwin-x64/-/darwin-x64-0.25.12.tgz", { "os": "darwin", "cpu": "x64" }, "sha1-FGQAqFYhM/RcTS6tzzfd0JcYB54="],

    "@esbuild/freebsd-arm64": ["@esbuild/freebsd-arm64@0.25.12", "https://ms-feed-25.pkgs.visualstudio.com/1es-public/_packaging/npm-public/npm/registry/@esbuild/freebsd-arm64/-/freebsd-arm64-0.25.12.tgz", { "os": "freebsd", "cpu": "arm64" }, "sha1-HF+bpyBuFY/SskxZ+i0si7R8oP4="],

    "@esbuild/freebsd-x64": ["@esbuild/freebsd-x64@0.25.12", "https://ms-feed-25.pkgs.visualstudio.com/1es-public/_packaging/npm-public/npm/registry/@esbuild/freebsd-x64/-/freebsd-x64-0.25.12.tgz", { "os": "freebsd", "cpu": "x64" }, "sha1-6mMfSja+qsS5J5+g/MbKKerusrM="],

    "@esbuild/linux-arm": ["@esbuild/linux-arm@0.25.12", "https://ms-feed-25.pkgs.visualstudio.com/1es-public/_packaging/npm-public/npm/registry/@esbuild/linux-arm/-/linux-arm-0.25.12.tgz", { "os": "linux", "cpu": "arm" }, "sha1-RSzWayCTLQi9xTqLYcDjC69DSLk="],

    "@esbuild/linux-arm64": ["@esbuild/linux-arm64@0.25.12", "https://ms-feed-25.pkgs.visualstudio.com/1es-public/_packaging/npm-public/npm/registry/@esbuild/linux-arm64/-/linux-arm64-0.25.12.tgz", { "os": "linux", "cpu": "arm64" }, "sha1-4QZrzlg5TxsRQd7shVel8KIvWXc="],

    "@esbuild/linux-ia32": ["@esbuild/linux-ia32@0.25.12", "https://ms-feed-25.pkgs.visualstudio.com/1es-public/_packaging/npm-public/npm/registry/@esbuild/linux-ia32/-/linux-ia32-0.25.12.tgz", { "os": "linux", "cpu": "ia32" }, "sha1-sk+KzEW89UGSx/LzvhtT5lUer+A="],

    "@esbuild/linux-loong64": ["@esbuild/linux-loong64@0.25.12", "https://ms-feed-25.pkgs.visualstudio.com/1es-public/_packaging/npm-public/npm/registry/@esbuild/linux-loong64/-/linux-loong64-0.25.12.tgz", { "os": "linux", "cpu": "none" }, "sha1-+c//p/yDIlcfvEyLMmjK8VvYGtA="],

    "@esbuild/linux-mips64el": ["@esbuild/linux-mips64el@0.25.12", "https://ms-feed-25.pkgs.visualstudio.com/1es-public/_packaging/npm-public/npm/registry/@esbuild/linux-mips64el/-/linux-mips64el-0.25.12.tgz", { "os": "linux", "cpu": "none" }, "sha1-V1oUvXRkT/q4ka3H1+YNJ1KW8s0="],

    "@esbuild/linux-ppc64": ["@esbuild/linux-ppc64@0.25.12", "https://ms-feed-25.pkgs.visualstudio.com/1es-public/_packaging/npm-public/npm/registry/@esbuild/linux-ppc64/-/linux-ppc64-0.25.12.tgz", { "os": "linux", "cpu": "ppc64" }, "sha1-dbmccKlfvV93OddpK+/mBgFZGGk="],

    "@esbuild/linux-riscv64": ["@esbuild/linux-riscv64@0.25.12", "https://ms-feed-25.pkgs.visualstudio.com/1es-public/_packaging/npm-public/npm/registry/@esbuild/linux-riscv64/-/linux-riscv64-0.25.12.tgz", { "os": "linux", "cpu": "none" }, "sha1-LjJZRAMhpE553fdTXDJQV9qHXNY="],

    "@esbuild/linux-s390x": ["@esbuild/linux-s390x@0.25.12", "https://ms-feed-25.pkgs.visualstudio.com/1es-public/_packaging/npm-public/npm/registry/@esbuild/linux-s390x/-/linux-s390x-0.25.12.tgz", { "os": "linux", "cpu": "s390x" }, "sha1-F2dsq7/lko2lsqDW311YzQjbJmM="],

    "@esbuild/linux-x64": ["@esbuild/linux-x64@0.25.12", "https://ms-feed-25.pkgs.visualstudio.com/1es-public/_packaging/npm-public/npm/registry/@esbuild/linux-x64/-/linux-x64-0.25.12.tgz", { "os": "linux", "cpu": "x64" }, "sha1-BYN3VoXKggZtBMNQfwlSTTzXowY="],

    "@esbuild/netbsd-arm64": ["@esbuild/netbsd-arm64@0.25.12", "https://ms-feed-25.pkgs.visualstudio.com/1es-public/_packaging/npm-public/npm/registry/@esbuild/netbsd-arm64/-/netbsd-arm64-0.25.12.tgz", { "os": "none", "cpu": "arm64" }, "sha1-8ExAScsuJS/paxb+2Q9wdGsT9KQ="],

    "@esbuild/netbsd-x64": ["@esbuild/netbsd-x64@0.25.12", "https://ms-feed-25.pkgs.visualstudio.com/1es-public/_packaging/npm-public/npm/registry/@esbuild/netbsd-x64/-/netbsd-x64-0.25.12.tgz", { "os": "none", "cpu": "x64" }, "sha1-d9oNCg2CbXySHuo9QCklSLJYoHY="],

    "@esbuild/openbsd-arm64": ["@esbuild/openbsd-arm64@0.25.12", "https://ms-feed-25.pkgs.visualstudio.com/1es-public/_packaging/npm-public/npm/registry/@esbuild/openbsd-arm64/-/openbsd-arm64-0.25.12.tgz", { "os": "openbsd", "cpu": "arm64" }, "sha1-Ypb1hnrt7yioGyKrIAnHhqlS3M0="],

    "@esbuild/openbsd-x64": ["@esbuild/openbsd-x64@0.25.12", "https://ms-feed-25.pkgs.visualstudio.com/1es-public/_packaging/npm-public/npm/registry/@esbuild/openbsd-x64/-/openbsd-x64-0.25.12.tgz", { "os": "openbsd", "cpu": "x64" }, "sha1-+NIzAzYOJ7Fs8GWyO7/0PBQUJnk="],

    "@esbuild/openharmony-arm64": ["@esbuild/openharmony-arm64@0.25.12", "https://ms-feed-25.pkgs.visualstudio.com/1es-public/_packaging/npm-public/npm/registry/@esbuild/openharmony-arm64/-/openharmony-arm64-0.25.12.tgz", { "os": "none", "cpu": "arm64" }, "sha1-SeC3aHRKOSS+DX/ZfdbOmykj2I0="],

    "@esbuild/sunos-x64": ["@esbuild/sunos-x64@0.25.12", "https://ms-feed-25.pkgs.visualstudio.com/1es-public/_packaging/npm-public/npm/registry/@esbuild/sunos-x64/-/sunos-x64-0.25.12.tgz", { "os": "sunos", "cpu": "x64" }, "sha1-pu19Z3jWflKMgfsWWyP0kRubE9Y="],

    "@esbuild/win32-arm64": ["@esbuild/win32-arm64@0.25.12", "https://ms-feed-25.pkgs.visualstudio.com/1es-public/_packaging/npm-public/npm/registry/@esbuild/win32-arm64/-/win32-arm64-0.25.12.tgz", { "os": "win32", "cpu": "arm64" }, "sha1-msFMN44bZTrxfQjn0840yu9YcyM="],

    "@esbuild/win32-ia32": ["@esbuild/win32-ia32@0.25.12", "https://ms-feed-25.pkgs.visualstudio.com/1es-public/_packaging/npm-public/npm/registry/@esbuild/win32-ia32/-/win32-ia32-0.25.12.tgz", { "os": "win32", "cpu": "ia32" }, "sha1-kYlC3LuzXMFPyjmvuRteaj0Scmc="],

    "@esbuild/win32-x64": ["@esbuild/win32-x64@0.25.12", "https://ms-feed-25.pkgs.visualstudio.com/1es-public/_packaging/npm-public/npm/registry/@esbuild/win32-x64/-/win32-x64-0.25.12.tgz", { "os": "win32", "cpu": "x64" }, "sha1-m9rYF2vngRrRSNH4dyNZBB9GxsU="],

    "@oxlint/binding-android-arm-eabi": ["@oxlint/binding-android-arm-eabi@1.83.0", "https://ms-feed-25.pkgs.visualstudio.com/1es-public/_packaging/npm-public/npm/registry/@oxlint/binding-android-arm-eabi/-/binding-android-arm-eabi-1.83.0.tgz", { "os": "android", "cpu": "arm" }, "sha512-0yGY24EwsLk5YDe6F+VkmZyRHSwJDALa3nIrPpq7FXmp2lV2d0TzvBCGeZk+wgiULRGr5blhyr4QMp5KCXJUqA=="],

    "@oxlint/binding-android-arm64": ["@oxlint/binding-android-arm64@1.83.0", "https://ms-feed-25.pkgs.visualstudio.com/1es-public/_packaging/npm-public/npm/registry/@oxlint/binding-android-arm64/-/binding-android-arm64-1.83.0.tgz", { "os": "android", "cpu": "arm64" }, "sha512-hHfJ0vc17A4iUjH5p9BsTUPYbYRNxGpvD2lbu1aBRk54bzNIx9o5TtYF39QPZcV95DagZd+4DEAw2RH3G2ZsMg=="],

    "@oxlint/binding-darwin-arm64": ["@oxlint/binding-darwin-arm64@1.83.0", "https://ms-feed-25.pkgs.visualstudio.com/1es-public/_packaging/npm-public/npm/registry/@oxlint/binding-darwin-arm64/-/binding-darwin-arm64-1.83.0.tgz", { "os": "darwin", "cpu": "arm64" }, "sha512-hsOjYjszLb/3zym/TkzUMPAoQlTJcuzSyEPOAyA+skXJIX9M0o+4JfOtqopX/Vf4hSLrJ98j0nvFo23gzk8auQ=="],

    "@oxlint/binding-darwin-x64": ["@oxlint/binding-darwin-x64@1.83.0", "https://ms-feed-25.pkgs.visualstudio.com/1es-public/_packaging/npm-public/npm/registry/@oxlint/binding-darwin-x64/-/binding-darwin-x64-1.83.0.tgz", { "os": "darwin", "cpu": "x64" }, "sha512-mjh5oH2EA+wl5yRJYT9K9G61O2zFlpuv+yf2JwZOi0+dq2FnTUtm1h8i+5Ik0fXPWIu/k84I1psZR9aQsLAnyA=="],

    "@oxlint/binding-freebsd-x64": ["@oxlint/binding-freebsd-x64@1.83.0", "https://ms-feed-25.pkgs.visualstudio.com/1es-public/_packaging/npm-public/npm/registry/@oxlint/binding-freebsd-x64/-/binding-freebsd-x64-1.83.0.tgz", { "os": "freebsd", "cpu": "x64" }, "sha512-fNHr64/YaO8YssuoDVC8+F4Uk5enR86q5uxfHkQrjAPs1dbAILOrD2uaud+J7MO8Fx774g44ERLD0IGIvZE48w=="],

    "@oxlint/binding-linux-arm-gnueabihf": ["@oxlint/binding-linux-arm-gnueabihf@1.83.0", "https://ms-feed-25.pkgs.visualstudio.com/1es-public/_packaging/npm-public/npm/registry/@oxlint/binding-linux-arm-gnueabihf/-/binding-linux-arm-gnueabihf-1.83.0.tgz", { "os": "linux", "cpu": "arm" }, "sha512-Qpwy3zzAwMj+8/lyYItHmkSMwbkprFNWTK7jPYDOxSyxEhaSLOWYUTCMkjF334J8/WD0nznCCsoBbIH6hpsuIw=="],

    "@oxlint/binding-linux-arm-musleabihf": ["@oxlint/binding-linux-arm-musleabihf@1.83.0", "https://ms-feed-25.pkgs.visualstudio.com/1es-public/_packaging/npm-public/npm/registry/@oxlint/binding-linux-arm-musleabihf/-/binding-linux-arm-musleabihf-1.83.0.tgz", { "os": "linux", "cpu": "arm" }, "sha512-s+BirYLFq7JL2k9sP0XI3ZXJ9dYvJ8sX3jLCLoag7tt+zrSHpZxP0jqznfL+Gdgwu7ay0dYgGYJXrQvq3iWloA=="],

    "@oxlint/binding-linux-arm64-gnu": ["@oxlint/binding-linux-arm64-gnu@1.83.0", "https://ms-feed-25.pkgs.visualstudio.com/1es-public/_packaging/npm-public/npm/registry/@oxlint/binding-linux-arm64-gnu/-/binding-linux-arm64-gnu-1.83.0.tgz", { "os": "linux", "cpu": "arm64" }, "sha512-7lihXt3vKr+GIyapNbHrnFHm/biiW30le6Zv/DExbAFPF6YwCQXVFlONPFehxs0CpGO4CBfYPM9rdDT+XMoIlg=="],

    "@oxlint/binding-linux-arm64-musl": ["@oxlint/binding-linux-arm64-musl@1.83.0", "https://ms-feed-25.pkgs.visualstudio.com/1es-public/_packaging/npm-public/npm/registry/@oxlint/binding-linux-arm64-musl/-/binding-linux-arm64-musl-1.83.0.tgz", { "os": "linux", "cpu": "arm64" }, "sha512-q63JalLYVkZiZvls1z3PPUnpmQluOMXp0khqQMznCeAPLGydfNY8JhvuA4WlK57JfrvikU8wB5lPVveqpIXvew=="],

    "@oxlint/binding-linux-ppc64-gnu": ["@oxlint/binding-linux-ppc64-gnu@1.83.0", "https://ms-feed-25.pkgs.visualstudio.com/1es-public/_packaging/npm-public/npm/registry/@oxlint/binding-linux-ppc64-gnu/-/binding-linux-ppc64-gnu-1.83.0.tgz", { "os": "linux", "cpu": "ppc64" }, "sha512-krQmDF+dRbxvdqVPV88ZuOoPPu8X5BuqDA8Hd+qcS4YMRQCb+nexA57DazgGsc/rGdKBe3QmV0mnv0bdpW/p5g=="],

    "@oxlint/binding-linux-riscv64-gnu": ["@oxlint/binding-linux-riscv64-gnu@1.83.0", "https://ms-feed-25.pkgs.visualstudio.com/1es-public/_packaging/npm-public/npm/registry/@oxlint/binding-linux-riscv64-gnu/-/binding-linux-riscv64-gnu-1.83.0.tgz", { "os": "linux", "cpu": "none" }, "sha512-MmOl8Y6txEAXZU1RG8Rr264jQ6D7VPmqFsU/45x/FeWsGe32hklTqGrLE6UxHzp5Rjt0wP+20tY8YXKgSFB3mw=="],

    "@oxlint/binding-linux-riscv64-musl": ["@oxlint/binding-linux-riscv64-musl@1.83.0", "https://ms-feed-25.pkgs.visualstudio.com/1es-public/_packaging/npm-public/npm/registry/@oxlint/binding-linux-riscv64-musl/-/binding-linux-riscv64-musl-1.83.0.tgz", { "os": "linux", "cpu": "none" }, "sha512-u1rMymh0W3JZkq370kzQsYPULGWqhE09pZRqnZvUSoYaI9pVO5yVX+iYIslmWuEgwuzH9YAaOsScJiobWCHoOw=="],

    "@oxlint/binding-linux-s390x-gnu": ["@oxlint/binding-linux-s390x-gnu@1.83.0", "https://ms-feed-25.pkgs.visualstudio.com/1es-public/_packaging/npm-public/npm/registry/@oxlint/binding-linux-s390x-gnu/-/binding-linux-s390x-gnu-1.83.0.tgz", { "os": "linux", "cpu": "s390x" }, "sha512-y0zK3HNwGysu7rqtE+BQG/d0bx5gh/KwlOtghN8oWeK1KcWzeaLqtZrbm8owqdma1lFyrce/hTO5ismuNu+INQ=="],

    "@oxlint/binding-linux-x64-gnu": ["@oxlint/binding-linux-x64-gnu@1.83.0", "https://ms-feed-25.pkgs.visualstudio.com/1es-public/_packaging/npm-public/npm/registry/@oxlint/binding-linux-x64-gnu/-/binding-linux-x64-gnu-1.83.0.tgz", { "os": "linux", "cpu": "x64" }, "sha512-rS5gM0NgD7ngmuJmbIehsidtrOwKkLFwCQbKEeb9KuyQrrWNq5Zkn0uV6AYdXOMJ0grrWEiLwBuvMxt8w5vsNw=="],

    "@oxlint/binding-linux-x64-musl": ["@oxlint/binding-linux-x64-musl@1.83.0", "https://ms-feed-25.pkgs.visualstudio.com/1es-public/_packaging/npm-public/npm/registry/@oxlint/binding-linux-x64-musl/-/binding-linux-x64-musl-1.83.0.tgz", { "os": "linux", "cpu": "x64" }, "sha512-W2IH4EtpcPaWcvNGCA95YoDg4vxqE/ZiPCi3arrxEEpsK7+JQN9WYwrlYFx9pcdP6KPXqRqkv3zdQPHcx7b6YQ=="],

    "@oxlint/binding-openharmony-arm64": ["@oxlint/binding-openharmony-arm64@1.83.0", "https://ms-feed-25.pkgs.visualstudio.com/1es-public/_packaging/npm-public/npm/registry/@oxlint/binding-openharmony-arm64/-/binding-openharmony-arm64-1.83.0.tgz", { "os": "none", "cpu": "arm64" }, "sha512-6LyKkUyoajssTPLlZmDbZIbu4IZ5B4bGuRUnBgCGpEvHP3FQMaYITncHA/unPUo7q+Z+pIu2HhdkQ+8d1SG7iA=="],

    "@oxlint/binding-win32-arm64-msvc": ["@oxlint/binding-win32-arm64-msvc@1.83.0", "https://ms-feed-25.pkgs.visualstudio.com/1es-public/_packaging/npm-public/npm/registry/@oxlint/binding-win32-arm64-msvc/-/binding-win32-arm64-msvc-1.83.0.tgz", { "os": "win32", "cpu": "arm64" }, "sha512-Uz/fObEtF0jmNJQJ8CGRBKfefYstS0/wjD3s6IGzP8nUwsJykHQJBiN3npHwKiGRGn/vvBEgNr4B3cCzmmatvg=="],

    "@oxlint/binding-win32-ia32-msvc": ["@oxlint/binding-win32-ia32-msvc@1.83.0", "https://ms-feed-25.pkgs.visualstudio.com/1es-public/_packaging/npm-public/npm/registry/@oxlint/binding-win32-ia32-msvc/-/binding-win32-ia32-msvc-1.83.0.tgz", { "os": "win32", "cpu": "ia32" }, "sha512-u7XcvPW6Bk58tY5iWs2ESb0vJjoE/kuSpHxopbwp/p3ZtWVQXZ6wor5w3ssVTHOqd/v8b+QdhSFWQ4grEUNWpA=="],

    "@oxlint/binding-win32-x64-msvc": ["@oxlint/binding-win32-x64-msvc@1.83.0", "https://ms-feed-25.pkgs.visualstudio.com/1es-public/_packaging/npm-public/npm/registry/@oxlint/binding-win32-x64-msvc/-/binding-win32-x64-msvc-1.83.0.tgz", { "os": "win32", "cpu": "x64" }, "sha512-LZRubd7ph13QmAg4fFecTYVZkiYbROR2Htaxh/ufWRkDhPOm2wrwaEYR89e0YpPFD3dqBrPoxS7myBw5hmYA7Q=="],

    "@sinclair/typebox": ["@sinclair/typebox@0.34.49", "https://ms-feed-25.pkgs.visualstudio.com/1es-public/_packaging/npm-public/npm/registry/@sinclair/typebox/-/typebox-0.34.49.tgz", {}, "sha1-TxNpI08uz2k4ZkdsOy4bVNKp1o4="],

    "@types/node": ["@types/node@24.13.6", "https://ms-feed-25.pkgs.visualstudio.com/1es-public/_packaging/npm-public/npm/registry/@types/node/-/node-24.13.6.tgz", { "dependencies": { "undici-types": "~7.18.0" } }, "sha512-SGrw/h3KPFshy3OE6ZL53LMBG5vGQQ8/gIpiqz/kRZhPJ7HgwCEs8LBuNtWLa8dvGZVpSF7+Bf+c11HUrCb/yg=="],

    "commander": ["commander@14.0.0", "https://ms-feed-25.pkgs.visualstudio.com/1es-public/_packaging/npm-public/npm/registry/commander/-/commander-14.0.0.tgz", {}, "sha1-8kT8dKkjQ1FOViKfFu9cXiLO1ek="],

    "esbuild": ["esbuild@0.25.12", "https://ms-feed-25.pkgs.visualstudio.com/1es-public/_packaging/npm-public/npm/registry/esbuild/-/esbuild-0.25.12.tgz", { "optionalDependencies": { "@esbuild/aix-ppc64": "0.25.12", "@esbuild/android-arm": "0.25.12", "@esbuild/android-arm64": "0.25.12", "@esbuild/android-x64": "0.25.12", "@esbuild/darwin-arm64": "0.25.12", "@esbuild/darwin-x64": "0.25.12", "@esbuild/freebsd-arm64": "0.25.12", "@esbuild/freebsd-x64": "0.25.12", "@esbuild/linux-arm": "0.25.12", "@esbuild/linux-arm64": "0.25.12", "@esbuild/linux-ia32": "0.25.12", "@esbuild/linux-loong64": "0.25.12", "@esbuild/linux-mips64el": "0.25.12", "@esbuild/linux-ppc64": "0.25.12", "@esbuild/linux-riscv64": "0.25.12", "@esbuild/linux-s390x": "0.25.12", "@esbuild/linux-x64": "0.25.12", "@esbuild/netbsd-arm64": "0.25.12", "@esbuild/netbsd-x64": "0.25.12", "@esbuild/openbsd-arm64": "0.25.12", "@esbuild/openbsd-x64": "0.25.12", "@esbuild/openharmony-arm64": "0.25.12", "@esbuild/sunos-x64": "0.25.12", "@esbuild/win32-arm64": "0.25.12", "@esbuild/win32-ia32": "0.25.12", "@esbuild/win32-x64": "0.25.12" }, "bin": "bin/esbuild" }, "sha1-l6HQQfSrAML84vg40rmWmi0ql6U="],

    "oxlint": ["oxlint@1.83.0", "https://ms-feed-25.pkgs.visualstudio.com/1es-public/_packaging/npm-public/npm/registry/oxlint/-/oxlint-1.83.0.tgz", { "optionalDependencies": { "@oxlint/binding-android-arm-eabi": "1.83.0", "@oxlint/binding-android-arm64": "1.83.0", "@oxlint/binding-darwin-arm64": "1.83.0", "@oxlint/binding-darwin-x64": "1.83.0", "@oxlint/binding-freebsd-x64": "1.83.0", "@oxlint/binding-linux-arm-gnueabihf": "1.83.0", "@oxlint/binding-linux-arm-musleabihf": "1.83.0", "@oxlint/binding-linux-arm64-gnu": "1.83.0", "@oxlint/binding-linux-arm64-musl": "1.83.0", "@oxlint/binding-linux-ppc64-gnu": "1.83.0", "@oxlint/binding-linux-riscv64-gnu": "1.83.0", "@oxlint/binding-linux-riscv64-musl": "1.83.0", "@oxlint/binding-linux-s390x-gnu": "1.83.0", "@oxlint/binding-linux-x64-gnu": "1.83.0", "@oxlint/binding-linux-x64-musl": "1.83.0", "@oxlint/binding-openharmony-arm64": "1.83.0", "@oxlint/binding-win32-arm64-msvc": "1.83.0", "@oxlint/binding-win32-ia32-msvc": "1.83.0", "@oxlint/binding-win32-x64-msvc": "1.83.0" }, "peerDependencies": { "oxlint-tsgolint": ">=7.0.2001", "vite-plus": "*" }, "optionalPeers": ["oxlint-tsgolint", "vite-plus"], "bin": "bin/oxlint" }, "sha512-cyDzSzaw3uzP0TeCeq3lLRPPoaUxkbB4ZOXj+kn+5r+BX9V+4bNVGk9lxer+WrgcpebH4JxLlJ3KQjveVztOLQ=="],

    "typescript": ["typescript@5.9.3", "https://ms-feed-25.pkgs.visualstudio.com/1es-public/_packaging/npm-public/npm/registry/typescript/-/typescript-5.9.3.tgz", { "bin": { "tsc": "bin/tsc", "tsserver": "bin/tsserver" } }, "sha1-W09Z4VMQqxeiFvXWz1PuR27eZw8="],

    "undici-types": ["undici-types@7.18.2", "https://ms-feed-25.pkgs.visualstudio.com/1es-public/_packaging/npm-public/npm/registry/undici-types/-/undici-types-7.18.2.tgz", {}, "sha1-KTV6iee3ykrvO/D9P9DNc4hCKek="],

    "yaml": ["yaml@2.8.1", "https://ms-feed-25.pkgs.visualstudio.com/1es-public/_packaging/npm-public/npm/registry/yaml/-/yaml-2.8.1.tgz", { "bin": "bin.mjs" }, "sha1-GHCqArYx9+gyi5P4vFdPrF1sTXk="],
  }
}
